
Microsoft Visual Studio Solution File, Format Version 12.00
# Visual Studio Version 17
VisualStudioVersion = 17.0.31903.59
MinimumVisualStudioVersion = 10.0.40219.1
Project("{2150E333-8FDC-42A3-9474-1A3956D46DE8}") = "src", "src", "{827E0CD3-B72D-47B6-A68D-7590B98EB39B}"
EndProject
Project("{FAE04EC0-301F-11D3-BF4B-00C04F79EFBC}") = "AsterGraph.Abstractions", "src\AsterGraph.Abstractions\AsterGraph.Abstractions.csproj", "{2D53B5B7-1BCF-4C08-963D-4E2BF9D37B4A}"
EndProject
Project("{FAE04EC0-301F-11D3-BF4B-00C04F79EFBC}") = "AsterGraph.Core", "src\AsterGraph.Core\AsterGraph.Core.csproj", "{A80350D5-7E89-4D8B-BDF4-FF1AA68167AE}"
EndProject
Project("{FAE04EC0-301F-11D3-BF4B-00C04F79EFBC}") = "AsterGraph.Editor", "src\AsterGraph.Editor\AsterGraph.Editor.csproj", "{696DD206-1824-4C55-9A42-4FC9A74F2946}"
EndProject
Project("{FAE04EC0-301F-11D3-BF4B-00C04F79EFBC}") = "AsterGraph.Demo", "src\AsterGraph.Demo\AsterGraph.Demo.csproj", "{3955342B-A4DB-4172-81E5-24BD1925F874}"
EndProject
Project("{FAE04EC0-301F-11D3-BF4B-00C04F79EFBC}") = "AsterGraph.Avalonia", "src\AsterGraph.Avalonia\AsterGraph.Avalonia.csproj", "{6FE247CE-865A-44AC-BA3C-06C97231B005}"
EndProject
Project("{2150E333-8FDC-42A3-9474-1A3956D46DE8}") = "tools", "tools", "{07C2787E-EAC7-C090-1BA3-A61EC2A24D84}"
EndProject
Project("{FAE04EC0-301F-11D3-BF4B-00C04F79EFBC}") = "AsterGraph.PackageSmoke", "tools\AsterGraph.PackageSmoke\AsterGraph.PackageSmoke.csproj", "{00DD77A5-AE44-4613-A28E-4DDF9FB6DEE1}"
EndProject
Project("{2150E333-8FDC-42A3-9474-1A3956D46DE8}") = "tests", "tests", "{0AB3BF05-4346-4AA6-1389-037BE0695223}"
EndProject
Project("{FAE04EC0-301F-11D3-BF4B-00C04F79EFBC}") = "AsterGraph.Serialization.Tests", "tests\AsterGraph.Serialization.Tests\AsterGraph.Serialization.Tests.csproj", "{60F083E2-4DE7-4753-A374-6BD65EA91B40}"
EndProject
Project("{FAE04EC0-301F-11D3-BF4B-00C04F79EFBC}") = "AsterGraph.Editor.Tests", "tests\AsterGraph.Editor.Tests\AsterGraph.Editor.Tests.csproj", "{B3EC8B7E-8FBC-4935-9A2E-A8F3A7EA5CBC}"
EndProject
Project("{FAE04EC0-301F-11D3-BF4B-00C04F79EFBC}") = "AsterGraph.TestPlugins", "tests\AsterGraph.TestPlugins\AsterGraph.TestPlugins.csproj", "{E31DAF15-13FB-451F-9B1C-4253FF4FEA8B}"
EndProject
Global
	GlobalSection(SolutionConfigurationPlatforms) = preSolution
		Debug|Any CPU = Debug|Any CPU
		Debug|x64 = Debug|x64
		Debug|x86 = Debug|x86
		Release|Any CPU = Release|Any CPU
		Release|x64 = Release|x64
		Release|x86 = Release|x86
	EndGlobalSection
	GlobalSection(ProjectConfigurationPlatforms) = postSolution
		{2D53B5B7-1BCF-4C08-963D-4E2BF9D37B4A}.Debug|Any CPU.ActiveCfg = Debug|Any CPU
		{2D53B5B7-1BCF-4C08-963D-4E2BF9D37B4A}.Debug|Any CPU.Build.0 = Debug|Any CPU
		{2D53B5B7-1BCF-4C08-963D-4E2BF9D37B4A}.Debug|x64.ActiveCfg = Debug|Any CPU
		{2D53B5B7-1BCF-4C08-963D-4E2BF9D37B4A}.Debug|x64.Build.0 = Debug|Any CPU
		{2D53B5B7-1BCF-4C08-963D-4E2BF9D37B4A}.Debug|x86.ActiveCfg = Debug|Any CPU
		{2D53B5B7-1BCF-4C08-963D-4E2BF9D37B4A}.Debug|x86.Build.0 = Debug|Any CPU
		{2D53B5B7-1BCF-4C08-963D-4E2BF9D37B4A}.Release|Any CPU.ActiveCfg = Release|Any CPU
		{2D53B5B7-1BCF-4C08-963D-4E2BF9D37B4A}.Release|Any CPU.Build.0 = Release|Any CPU
		{2D53B5B7-1BCF-4C08-963D-4E2BF9D37B4A}.Release|x64.ActiveCfg = Release|Any CPU
		{2D53B5B7-1BCF-4C08-963D-4E2BF9D37B4A}.Release|x64.Build.0 = Release|Any CPU
		{2D53B5B7-1BCF-4C08-963D-4E2BF9D37B4A}.Release|x86.ActiveCfg = Release|Any CPU
		{2D53B5B7-1BCF-4C08-963D-4E2BF9D37B4A}.Release|x86.Build.0 = Release|Any CPU
		{A80350D5-7E89-4D8B-BDF4-FF1AA68167AE}.Debug|Any CPU.ActiveCfg = Debug|Any CPU
		{A80350D5-7E89-4D8B-BDF4-FF1AA68167AE}.Debug|Any CPU.Build.0 = Debug|Any CPU
		{A80350D5-7E89-4D8B-BDF4-FF1AA68167AE}.Debug|x64.ActiveCfg = Debug|Any CPU
		{A80350D5-7E89-4D8B-BDF4-FF1AA68167AE}.Debug|x64.Build.0 = Debug|Any CPU
		{A80350D5-7E89-4D8B-BDF4-FF1AA68167AE}.Debug|x86.ActiveCfg = Debug|Any CPU
		{A80350D5-7E89-4D8B-BDF4-FF1AA68167AE}.Debug|x86.Build.0 = Debug|Any CPU
		{A80350D5-7E89-4D8B-BDF4-FF1AA68167AE}.Release|Any CPU.ActiveCfg = Release|Any CPU
		{A80350D5-7E89-4D8B-BDF4-FF1AA68167AE}.Release|Any CPU.Build.0 = Release|Any CPU
		{A80350D5-7E89-4D8B-BDF4-FF1AA68167AE}.Release|x64.ActiveCfg = Release|Any CPU
		{A80350D5-7E89-4D8B-BDF4-FF1AA68167AE}.Release|x64.Build.0 = Release|Any CPU
		{A80350D5-7E89-4D8B-BDF4-FF1AA68167AE}.Release|x86.ActiveCfg = Release|Any CPU
		{A80350D5-7E89-4D8B-BDF4-FF1AA68167AE}.Release|x86.Build.0 = Release|Any CPU
		{696DD206-1824-4C55-9A42-4FC9A74F2946}.Debug|Any CPU.ActiveCfg = Debug|Any CPU
		{696DD206-1824-4C55-9A42-4FC9A74F2946}.Debug|Any CPU.Build.0 = Debug|Any CPU
		{696DD206-1824-4C55-9A42-4FC9A74F2946}.Debug|x64.ActiveCfg = Debug|Any CPU
		{696DD206-1824-4C55-9A42-4FC9A74F2946}.Debug|x64.Build.0 = Debug|Any CPU
		{696DD206-1824-4C55-9A42-4FC9A74F2946}.Debug|x86.ActiveCfg = Debug|Any CPU
		{696DD206-1824-4C55-9A42-4FC9A74F2946}.Debug|x86.Build.0 = Debug|Any CPU
		{696DD206-1824-4C55-9A42-4FC9A74F2946}.Release|Any CPU.ActiveCfg = Release|Any CPU
		{696DD206-1824-4C55-9A42-4FC9A74F2946}.Release|Any CPU.Build.0 = Release|Any CPU
		{696DD206-1824-4C55-9A42-4FC9A74F2946}.Release|x64.ActiveCfg = Release|Any CPU
		{696DD206-1824-4C55-9A42-4FC9A74F2946}.Release|x64.Build.0 = Release|Any CPU
		{696DD206-1824-4C55-9A42-4FC9A74F2946}.Release|x86.ActiveCfg = Release|Any CPU
		{696DD206-1824-4C55-9A42-4FC9A74F2946}.Release|x86.Build.0 = Release|Any CPU
		{3955342B-A4DB-4172-81E5-24BD1925F874}.Debug|Any CPU.ActiveCfg = Debug|Any CPU
		{3955342B-A4DB-4172-81E5-24BD1925F874}.Debug|Any CPU.Build.0 = Debug|Any CPU
		{3955342B-A4DB-4172-81E5-24BD1925F874}.Debug|x64.ActiveCfg = Debug|Any CPU
		{3955342B-A4DB-4172-81E5-24BD1925F874}.Debug|x64.Build.0 = Debug|Any CPU
		{3955342B-A4DB-4172-81E5-24BD1925F874}.Debug|x86.ActiveCfg = Debug|Any CPU
		{3955342B-A4DB-4172-81E5-24BD1925F874}.Debug|x86.Build.0 = Debug|Any CPU
		{3955342B-A4DB-4172-81E5-24BD1925F874}.Release|Any CPU.ActiveCfg = Release|Any CPU
		{3955342B-A4DB-4172-81E5-24BD1925F874}.Release|Any CPU.Build.0 = Release|Any CPU
		{3955342B-A4DB-4172-81E5-24BD1925F874}.Release|x64.ActiveCfg = Release|Any CPU
		{3955342B-A4DB-4172-81E5-24BD1925F874}.Release|x64.Build.0 = Release|Any CPU
		{3955342B-A4DB-4172-81E5-24BD1925F874}.Release|x86.ActiveCfg = Release|Any CPU
		{3955342B-A4DB-4172-81E5-24BD1925F874}.Release|x86.Build.0 = Release|Any CPU
		{6FE247CE-865A-44AC-BA3C-06C97231B005}.Debug|Any CPU.ActiveCfg = Debug|Any CPU
		{6FE247CE-865A-44AC-BA3C-06C97231B005}.Debug|Any CPU.Build.0 = Debug|Any CPU
		{6FE247CE-865A-44AC-BA3C-06C97231B005}.Debug|x64.ActiveCfg = Debug|Any CPU
		{6FE247CE-865A-44AC-BA3C-06C97231B005}.Debug|x64.Build.0 = Debug|Any CPU
		{6FE247CE-865A-44AC-BA3C-06C97231B005}.Debug|x86.ActiveCfg = Debug|Any CPU
		{6FE247CE-865A-44AC-BA3C-06C97231B005}.Debug|x86.Build.0 = Debug|Any CPU
		{6FE247CE-865A-44AC-BA3C-06C97231B005}.Release|Any CPU.ActiveCfg = Release|Any CPU
		{6FE247CE-865A-44AC-BA3C-06C97231B005}.Release|Any CPU.Build.0 = Release|Any CPU
		{6FE247CE-865A-44AC-BA3C-06C97231B005}.Release|x64.ActiveCfg = Release|Any CPU
		{6FE247CE-865A-44AC-BA3C-06C97231B005}.Release|x64.Build.0 = Release|Any CPU
		{6FE247CE-865A-44AC-BA3C-06C97231B005}.Release|x86.ActiveCfg = Release|Any CPU
		{6FE247CE-865A-44AC-BA3C-06C97231B005}.Release|x86.Build.0 = Release|Any CPU
		{00DD77A5-AE44-4613-A28E-4DDF9FB6DEE1}.Debug|Any CPU.ActiveCfg = Debug|Any CPU
		{00DD77A5-AE44-4613-A28E-4DDF9FB6DEE1}.Debug|Any CPU.Build.0 = Debug|Any CPU
		{00DD77A5-AE44-4613-A28E-4DDF9FB6DEE1}.Debug|x64.ActiveCfg = Debug|Any CPU
		{00DD77A5-AE44-4613-A28E-4DDF9FB6DEE1}.Debug|x64.Build.0 = Debug|Any CPU
		{00DD77A5-AE44-4613-A28E-4DDF9FB6DEE1}.Debug|x86.ActiveCfg = Debug|Any CPU
		{00DD77A5-AE44-4613-A28E-4DDF9FB6DEE1}.Debug|x86.Build.0 = Debug|Any CPU
		{00DD77A5-AE44-4613-A28E-4DDF9FB6DEE1}.Release|Any CPU.ActiveCfg = Release|Any CPU
		{00DD77A5-AE44-4613-A28E-4DDF9FB6DEE1}.Release|Any CPU.Build.0 = Release|Any CPU
		{00DD77A5-AE44-4613-A28E-4DDF9FB6DEE1}.Release|x64.ActiveCfg = Release|Any CPU
		{00DD77A5-AE44-4613-A28E-4DDF9FB6DEE1}.Release|x64.Build.0 = Release|Any CPU
		{00DD77A5-AE44-4613-A28E-4DDF9FB6DEE1}.Release|x86.ActiveCfg = Release|Any CPU
		{00DD77A5-AE44-4613-A28E-4DDF9FB6DEE1}.Release|x86.Build.0 = Release|Any CPU
		{60F083E2-4DE7-4753-A374-6BD65EA91B40}.Debug|Any CPU.ActiveCfg = Debug|Any CPU
		{60F083E2-4DE7-4753-A374-6BD65EA91B40}.Debug|Any CPU.Build.0 = Debug|Any CPU
		{60F083E2-4DE7-4753-A374-6BD65EA91B40}.Debug|x64.ActiveCfg = Debug|Any CPU
		{60F083E2-4DE7-4753-A374-6BD65EA91B40}.Debug|x64.Build.0 = Debug|Any CPU
		{60F083E2-4DE7-4753-A374-6BD65EA91B40}.Debug|x86.ActiveCfg = Debug|Any CPU
		{60F083E2-4DE7-4753-A374-6BD65EA91B40}.Debug|x86.Build.0 = Debug|Any CPU
		{60F083E2-4DE7-4753-A374-6BD65EA91B40}.Release|Any CPU.ActiveCfg = Release|Any CPU
		{60F083E2-4DE7-4753-A374-6BD65EA91B40}.Release|Any CPU.Build.0 = Release|Any CPU
		{60F083E2-4DE7-4753-A374-6BD65EA91B40}.Release|x64.ActiveCfg = Release|Any CPU
		{60F083E2-4DE7-4753-A374-6BD65EA91B40}.Release|x64.Build.0 = Release|Any CPU
		{60F083E2-4DE7-4753-A374-6BD65EA91B40}.Release|x86.ActiveCfg = Release|Any CPU
		{60F083E2-4DE7-4753-A374-6BD65EA91B40}.Release|x86.Build.0 = Release|Any CPU
		{B3EC8B7E-8FBC-4935-9A2E-A8F3A7EA5CBC}.Debug|Any CPU.ActiveCfg = Debug|Any CPU
		{B3EC8B7E-8FBC-4935-9A2E-A8F3A7EA5CBC}.Debug|Any CPU.Build.0 = Debug|Any CPU
		{B3EC8B7E-8FBC-4935-9A2E-A8F3A7EA5CBC}.Debug|x64.ActiveCfg = Debug|Any CPU
		{B3EC8B7E-8FBC-4935-9A2E-A8F3A7EA5CBC}.Debug|x64.Build.0 = Debug|Any CPU
		{B3EC8B7E-8FBC-4935-9A2E-A8F3A7EA5CBC}.Debug|x86.ActiveCfg = Debug|Any CPU
		{B3EC8B7E-8FBC-4935-9A2E-A8F3A7EA5CBC}.Debug|x86.Build.0 = Debug|Any CPU
		{B3EC8B7E-8FBC-4935-9A2E-A8F3A7EA5CBC}.Release|Any CPU.ActiveCfg = Release|Any CPU
		{B3EC8B7E-8FBC-4935-9A2E-A8F3A7EA5CBC}.Release|Any CPU.Build.0 = Release|Any CPU
		{B3EC8B7E-8FBC-4935-9A2E-A8F3A7EA5CBC}.Release|x64.ActiveCfg = Release|Any CPU
		{B3EC8B7E-8FBC-4935-9A2E-A8F3A7EA5CBC}.Release|x64.Build.0 = Release|Any CPU
		{B3EC8B7E-8FBC-4935-9A2E-A8F3A7EA5CBC}.Release|x86.ActiveCfg = Release|Any CPU
		{B3EC8B7E-8FBC-4935-9A2E-A8F3A7EA5CBC}.Release|x86.Build.0 = Release|Any CPU
		{E31DAF15-13FB-451F-9B1C-4253FF4FEA8B}.Debug|Any CPU.ActiveCfg = Debug|Any CPU
		{E31DAF15-13FB-451F-9B1C-4253FF4FEA8B}.Debug|Any CPU.Build.0 = Debug|Any CPU
		{E31DAF15-13FB-451F-9B1C-4253FF4FEA8B}.Debug|x64.ActiveCfg = Debug|Any CPU
		{E31DAF15-13FB-451F-9B1C-4253FF4FEA8B}.Debug|x64.Build.0 = Debug|Any CPU
		{E31DAF15-13FB-451F-9B1C-4253FF4FEA8B}.Debug|x86.ActiveCfg = Debug|Any CPU
		{E31DAF15-13FB-451F-9B1C-4253FF4FEA8B}.Debug|x86.Build.0 = Debug|Any CPU
		{E31DAF15-13FB-451F-9B1C-4253FF4FEA8B}.Release|Any CPU.ActiveCfg = Release|Any CPU
		{E31DAF15-13FB-451F-9B1C-4253FF4FEA8B}.Release|Any CPU.Build.0 = Release|Any CPU
		{E31DAF15-13FB-451F-9B1C-4253FF4FEA8B}.Release|x64.ActiveCfg = Release|Any CPU
		{E31DAF15-13FB-451F-9B1C-4253FF4FEA8B}.Release|x64.Build.0 = Release|Any CPU
		{E31DAF15-13FB-451F-9B1C-4253FF4FEA8B}.Release|x86.ActiveCfg = Release|Any CPU
		{E31DAF15-13FB-451F-9B1C-4253FF4FEA8B}.Release|x86.Build.0 = Release|Any CPU
	EndGlobalSection
	GlobalSection(SolutionProperties) = preSolution
		HideSolutionNode = FALSE
	EndGlobalSection
	GlobalSection(NestedProjects) = preSolution
		{2D53B5B7-1BCF-4C08-963D-4E2BF9D37B4A} = {827E0CD3-B72D-47B6-A68D-7590B98EB39B}
		{A80350D5-7E89-4D8B-BDF4-FF1AA68167AE} = {827E0CD3-B72D-47B6-A68D-7590B98EB39B}
		{696DD206-1824-4C55-9A42-4FC9A74F2946} = {827E0CD3-B72D-47B6-A68D-7590B98EB39B}
		{3955342B-A4DB-4172-81E5-24BD1925F874} = {827E0CD3-B72D-47B6-A68D-7590B98EB39B}
		{6FE247CE-865A-44AC-BA3C-06C97231B005} = {827E0CD3-B72D-47B6-A68D-7590B98EB39B}
		{00DD77A5-AE44-4613-A28E-4DDF9FB6DEE1} = {07C2787E-EAC7-C090-1BA3-A61EC2A24D84}
		{60F083E2-4DE7-4753-A374-6BD65EA91B40} = {0AB3BF05-4346-4AA6-1389-037BE0695223}
		{B3EC8B7E-8FBC-4935-9A2E-A8F3A7EA5CBC} = {0AB3BF05-4346-4AA6-1389-037BE0695223}
		{E31DAF15-13FB-451F-9B1C-4253FF4FEA8B} = {0AB3BF05-4346-4AA6-1389-037BE0695223}
	EndGlobalSection
EndGlobal
